
Microsoft Visual Studio Solution File, Format Version 12.00
# Visual Studio Version 17
VisualStudioVersion = 17.14.36310.24 d17.14
MinimumVisualStudioVersion = 10.0.40219.1
Project("{FAE04EC0-301F-11D3-BF4B-00C04F79EFBC}") = "CSharpFantaMentos13", "CSharpFantaMentos13\CSharpFantaMentos13.csproj", "{E375FA10-5267-4D1F-A48A-6FA4FDE33654}"
EndProject
Project("{FAE04EC0-301F-11D3-BF4B-00C04F79EFBC}") = "CSharpFantaMentos13.MSTest", "CSharpFantaMentos13.MSTest\CSharpFantaMentos13.MSTest.csproj", "{7ADAEA9E-A4E7-426B-AB53-56D676595B19}"
EndProject
Global
	GlobalSection(SolutionConfigurationPlatforms) = preSolution
		Debug|Any CPU = Debug|Any CPU
		Release|Any CPU = Release|Any CPU
	EndGlobalSection
	GlobalSection(ProjectConfigurationPlatforms) = postSolution
		{E375FA10-5267-4D1F-A48A-6FA4FDE33654}.Debug|Any CPU.ActiveCfg = Debug|Any CPU
		{E375FA10-5267-4D1F-A48A-6FA4FDE33654}.Debug|Any CPU.Build.0 = Debug|Any CPU
		{E375FA10-5267-4D1F-A48A-6FA4FDE33654}.Release|Any CPU.ActiveCfg = Release|Any CPU
		{E375FA10-5267-4D1F-A48A-6FA4FDE33654}.Release|Any CPU.Build.0 = Release|Any CPU
		{7ADAEA9E-A4E7-426B-AB53-56D676595B19}.Debug|Any CPU.ActiveCfg = Debug|Any CPU
		{7ADAEA9E-A4E7-426B-AB53-56D676595B19}.Debug|Any CPU.Build.0 = Debug|Any CPU
		{7ADAEA9E-A4E7-426B-AB53-56D676595B19}.Release|Any CPU.ActiveCfg = Release|Any CPU
		{7ADAEA9E-A4E7-426B-AB53-56D676595B19}.Release|Any CPU.Build.0 = Release|Any CPU
	EndGlobalSection
	GlobalSection(SolutionProperties) = preSolution
		HideSolutionNode = FALSE
	EndGlobalSection
	GlobalSection(ExtensibilityGlobals) = postSolution
		SolutionGuid = {13FB3972-5A54-4A64-8215-F8ED6B17D989}
	EndGlobalSection
EndGlobal
